# THIS IS AN AUTOGENERATED FILE. DO NOT EDIT THIS FILE DIRECTLY.
# yarn lockfile v1


atoa@1.0.0:
  version "1.0.0"
  resolved "https://registry.yarnpkg.com/atoa/-/atoa-1.0.0.tgz#0cc0e91a480e738f923ebc103676471779b34a49"

blaze@^3.2.2:
  version "3.2.2"
  resolved "https://registry.yarnpkg.com/blaze/-/blaze-3.2.2.tgz#9e6633defccf243367273e3220eebda4d52a7915"

contra@1.9.4:
  version "1.9.4"
  resolved "https://registry.yarnpkg.com/contra/-/contra-1.9.4.tgz#f53bde42d7e5b5985cae4d99a8d610526de8f28d"
  dependencies:
    atoa "1.0.0"
    ticky "1.0.1"

crossvent@1.5.4:
  version "1.5.4"
  resolved "https://registry.yarnpkg.com/crossvent/-/crossvent-1.5.4.tgz#da2c4f8f40c94782517bf2beec1044148194ab92"
  dependencies:
    custom-event "1.0.0"

custom-event@1.0.0:
  version "1.0.0"
  resolved "https://registry.yarnpkg.com/custom-event/-/custom-event-1.0.0.tgz#2e4628be19dc4b214b5c02630c5971e811618062"

dragula@^3.7.2:
  version "3.7.2"
  resolved "https://registry.yarnpkg.com/dragula/-/dragula-3.7.2.tgz#4a35c9d3981ffac1a949c29ca7285058e87393ce"
  dependencies:
    contra "1.9.4"
    crossvent "1.5.4"

dropzone@^4.3.0:
  version "4.3.0"
  resolved "https://registry.yarnpkg.com/dropzone/-/dropzone-4.3.0.tgz#48b0b8f2ad092872e4b535b672a7c3f1a1d67c91"

jquery-modal@^0.8.0:
  version "0.8.0"
  resolved "https://registry.yarnpkg.com/jquery-modal/-/jquery-modal-0.8.0.tgz#d88f46aeb4a9cbfbce355d0b8a4342bdb9e8a4f5"

jquery@*, jquery@2:
  version "2.2.4"
  resolved "https://registry.yarnpkg.com/jquery/-/jquery-2.2.4.tgz#2c89d6889b5eac522a7eea32c14521559c6cbf02"

medium-editor@^5.23.0:
  version "5.23.0"
  resolved "https://registry.yarnpkg.com/medium-editor/-/medium-editor-5.23.0.tgz#7d16c15cdf152b95ced2a583bf07203e8539a3c6"

purecss@^0.6.2:
  version "0.6.2"
  resolved "https://registry.yarnpkg.com/purecss/-/purecss-0.6.2.tgz#f0827d227e909543c5138f36d56c8c613f476b8c"

remodal@^1.1.1:
  version "1.1.1"
  resolved "https://registry.yarnpkg.com/remodal/-/remodal-1.1.1.tgz#00f580b09417b2b7e7a425b17327ec10f3d596c3"
  dependencies:
    jquery "*"

sizzle@^2.3.3:
  version "2.3.3"
  resolved "https://registry.yarnpkg.com/sizzle/-/sizzle-2.3.3.tgz#4eb078c37231a56b52e4193f701e7ef8937e606b"

sortablejs@^1.5.1:
  version "1.5.1"
  resolved "https://registry.yarnpkg.com/sortablejs/-/sortablejs-1.5.1.tgz#efae13b84c677f3b3d3f4f8e46c7e05fc6acb525"

ticky@1.0.1:
  version "1.0.1"
  resolved "https://registry.yarnpkg.com/ticky/-/ticky-1.0.1.tgz#b7cfa71e768f1c9000c497b9151b30947c50e46d"

vue@^2.2.6:
  version "2.2.6"
  resolved "https://registry.yarnpkg.com/vue/-/vue-2.2.6.tgz#451714b394dd6d4eae7b773c40c2034a59621aed"
